
Microsoft Visual Studio Solution File, Format Version 12.00
# Visual Studio 2017
Project("{FAE04EC0-301F-11D3-BF4B-00C04F79EFBC}") = "Catlady", "Catlady.csproj", "{9FF4B224-458B-D493-93B5-F256BECF16CC}"
EndProject
Global
	GlobalSection(SolutionConfigurationPlatforms) = preSolution
		Debug|Any CPU = Debug|Any CPU
		Release|Any CPU = Release|Any CPU
	EndGlobalSection
	GlobalSection(ProjectConfigurationPlatforms) = postSolution
		{9FF4B224-458B-D493-93B5-F256BECF16CC}.Debug|Any CPU.ActiveCfg = Debug|Any CPU
		{9FF4B224-458B-D493-93B5-F256BECF16CC}.Debug|Any CPU.Build.0 = Debug|Any CPU
		{9FF4B224-458B-D493-93B5-F256BECF16CC}.Release|Any CPU.ActiveCfg = Release|Any CPU
		{9FF4B224-458B-D493-93B5-F256BECF16CC}.Release|Any CPU.Build.0 = Release|Any CPU
	EndGlobalSection
	GlobalSection(SolutionProperties) = preSolution
		HideSolutionNode = FALSE
	EndGlobalSection
EndGlobal
